
Microsoft Visual Studio Solution File, Format Version 12.00
# Visual Studio Version 17
VisualStudioVersion = 17.2.32616.157
MinimumVisualStudioVersion = 10.0.40219.1
Project("{FAE04EC0-301F-11D3-BF4B-00C04F79EFBC}") = "SpinningPipe", "SpinningPipe.csproj", "{0EDCA8CC-6413-470A-92C9-ABC244EA67D0}"
EndProject
Global
	GlobalSection(SolutionConfigurationPlatforms) = preSolution
		Debug|Any CPU = Debug|Any CPU
		Release|Any CPU = Release|Any CPU
	EndGlobalSection
	GlobalSection(ProjectConfigurationPlatforms) = postSolution
		{0EDCA8CC-6413-470A-92C9-ABC244EA67D0}.Debug|Any CPU.ActiveCfg = Debug|Any CPU
		{0EDCA8CC-6413-470A-92C9-ABC244EA67D0}.Debug|Any CPU.Build.0 = Debug|Any CPU
		{0EDCA8CC-6413-470A-92C9-ABC244EA67D0}.Release|Any CPU.ActiveCfg = Release|Any CPU
		{0EDCA8CC-6413-470A-92C9-ABC244EA67D0}.Release|Any CPU.Build.0 = Release|Any CPU
	EndGlobalSection
	GlobalSection(SolutionProperties) = preSolution
		HideSolutionNode = FALSE
	EndGlobalSection
	GlobalSection(ExtensibilityGlobals) = postSolution
		SolutionGuid = {35D9B9BD-5F3F-4E68-BC73-D04067F59A70}
	EndGlobalSection
EndGlobal
